
Microsoft Visual Studio Solution File, Format Version 12.00
# Visual Studio Version 17
VisualStudioVersion = 17.0.31903.59
MinimumVisualStudioVersion = 10.0.40219.1
Project("{FAE04EC0-301F-11D3-BF4B-00C04F79EFBC}") = "titanisjewelry", "titanisjewelry\titanisjewelry.csproj", "{AC21DEBE-F72B-4CBA-BB1B-6B730AC1F11E}"
EndProject
Global
	GlobalSection(SolutionConfigurationPlatforms) = preSolution
		Debug|Any CPU = Debug|Any CPU
		Release|Any CPU = Release|Any CPU
	EndGlobalSection
	GlobalSection(SolutionProperties) = preSolution
		HideSolutionNode = FALSE
	EndGlobalSection
	GlobalSection(ProjectConfigurationPlatforms) = postSolution
		{AC21DEBE-F72B-4CBA-BB1B-6B730AC1F11E}.Debug|Any CPU.ActiveCfg = Debug|Any CPU
		{AC21DEBE-F72B-4CBA-BB1B-6B730AC1F11E}.Debug|Any CPU.Build.0 = Debug|Any CPU
		{AC21DEBE-F72B-4CBA-BB1B-6B730AC1F11E}.Release|Any CPU.ActiveCfg = Release|Any CPU
		{AC21DEBE-F72B-4CBA-BB1B-6B730AC1F11E}.Release|Any CPU.Build.0 = Release|Any CPU
	EndGlobalSection
EndGlobal
